// !$*UTF8*$!
{
	archiveVersion = 1;
	classes = {
	};
	objectVersion = 55;
	objects = {

/* Begin PBXBuildFile section */
		1B649E4328150BA1000F5CEE /* NetworkTool.swift in Sources */ = {isa = PBXBuildFile; fileRef = 1B649E4228150BA1000F5CEE /* NetworkTool.swift */; };
		1B649E4D28153500000F5CEE /* Tools.swift in Sources */ = {isa = PBXBuildFile; fileRef = 1B649E4C28153500000F5CEE /* Tools.swift */; };
		1B649E5128153B7C000F5CEE /* HubView.swift in Sources */ = {isa = PBXBuildFile; fileRef = 1B649E5028153B7C000F5CEE /* HubView.swift */; };
		1B9F64C6281439570020DA1C /* AppDelegate.swift in Sources */ = {isa = PBXBuildFile; fileRef = 1B9F64C5281439570020DA1C /* AppDelegate.swift */; };
		1B9F64CD281439570020DA1C /* Main.storyboard in Resources */ = {isa = PBXBuildFile; fileRef = 1B9F64CB281439570020DA1C /* Main.storyboard */; };
		1B9F64CF281439590020DA1C /* Assets.xcassets in Resources */ = {isa = PBXBuildFile; fileRef = 1B9F64CE281439590020DA1C /* Assets.xcassets */; };
		1B9F64D22814395A0020DA1C /* LaunchScreen.storyboard in Resources */ = {isa = PBXBuildFile; fileRef = 1B9F64D02814395A0020DA1C /* LaunchScreen.storyboard */; };
		1B9F64DA28143ECB0020DA1C /* ShopViewController.swift in Sources */ = {isa = PBXBuildFile; fileRef = 1B9F64D928143ECB0020DA1C /* ShopViewController.swift */; };
		1B9F64DC28143EE20020DA1C /* OrderViewController.swift in Sources */ = {isa = PBXBuildFile; fileRef = 1B9F64DB28143EE20020DA1C /* OrderViewController.swift */; };
		1B9F64DE28143EF10020DA1C /* ARViewController.swift in Sources */ = {isa = PBXBuildFile; fileRef = 1B9F64DD28143EF10020DA1C /* ARViewController.swift */; };
		1B9F64E3281445220020DA1C /* ShopListTableViewCell.swift in Sources */ = {isa = PBXBuildFile; fileRef = 1B9F64E2281445220020DA1C /* ShopListTableViewCell.swift */; };
		1B9F64E5281448390020DA1C /* OrderListTableViewCell.swift in Sources */ = {isa = PBXBuildFile; fileRef = 1B9F64E4281448390020DA1C /* OrderListTableViewCell.swift */; };
		1BA46495281A6EB900A02FE3 /* MapViewController.swift in Sources */ = {isa = PBXBuildFile; fileRef = 1BA46494281A6EB900A02FE3 /* MapViewController.swift */; };
		1BC3EE0D2816B082000F2267 /* MahjongTableNode.swift in Sources */ = {isa = PBXBuildFile; fileRef = 1BC3EE0C2816B082000F2267 /* MahjongTableNode.swift */; };
		1BC3EE272816E42D000F2267 /* EmailViewController.swift in Sources */ = {isa = PBXBuildFile; fileRef = 1BC3EE262816E42D000F2267 /* EmailViewController.swift */; };
		1BC3EE512817AD6F000F2267 /* mahjongTable.scn in Resources */ = {isa = PBXBuildFile; fileRef = 1BC3EE502817AD6F000F2267 /* mahjongTable.scn */; };
		1BC3EE572817E499000F2267 /* EmptyDataView.swift in Sources */ = {isa = PBXBuildFile; fileRef = 1BC3EE562817E499000F2267 /* EmptyDataView.swift */; };
/* End PBXBuildFile section */

/* Begin PBXFileReference section */
		1B649E4228150BA1000F5CEE /* NetworkTool.swift */ = {isa = PBXFileReference; lastKnownFileType = sourcecode.swift; path = NetworkTool.swift; sourceTree = "<group>"; };
		1B649E4C28153500000F5CEE /* Tools.swift */ = {isa = PBXFileReference; lastKnownFileType = sourcecode.swift; path = Tools.swift; sourceTree = "<group>"; };
		1B649E5028153B7C000F5CEE /* HubView.swift */ = {isa = PBXFileReference; fileEncoding = 4; lastKnownFileType = sourcecode.swift; path = HubView.swift; sourceTree = "<group>"; };
		1B9F64C2281439570020DA1C /* MahjongStore.app */ = {isa = PBXFileReference; explicitFileType = wrapper.application; includeInIndex = 0; path = MahjongStore.app; sourceTree = BUILT_PRODUCTS_DIR; };
		1B9F64C5281439570020DA1C /* AppDelegate.swift */ = {isa = PBXFileReference; lastKnownFileType = sourcecode.swift; path = AppDelegate.swift; sourceTree = "<group>"; };
		1B9F64CC281439570020DA1C /* Base */ = {isa = PBXFileReference; lastKnownFileType = file.storyboard; name = Base; path = Base.lproj/Main.storyboard; sourceTree = "<group>"; };
		1B9F64CE281439590020DA1C /* Assets.xcassets */ = {isa = PBXFileReference; lastKnownFileType = folder.assetcatalog; path = Assets.xcassets; sourceTree = "<group>"; };
		1B9F64D12814395A0020DA1C /* Base */ = {isa = PBXFileReference; lastKnownFileType = file.storyboard; name = Base; path = Base.lproj/LaunchScreen.storyboard; sourceTree = "<group>"; };
		1B9F64D32814395A0020DA1C /* Info.plist */ = {isa = PBXFileReference; lastKnownFileType = text.plist.xml; path = Info.plist; sourceTree = "<group>"; };
		1B9F64D928143ECB0020DA1C /* ShopViewController.swift */ = {isa = PBXFileReference; lastKnownFileType = sourcecode.swift; path = ShopViewController.swift; sourceTree = "<group>"; };
		1B9F64DB28143EE20020DA1C /* OrderViewController.swift */ = {isa = PBXFileReference; lastKnownFileType = sourcecode.swift; path = OrderViewController.swift; sourceTree = "<group>"; };
		1B9F64DD28143EF10020DA1C /* ARViewController.swift */ = {isa = PBXFileReference; lastKnownFileType = sourcecode.swift; path = ARViewController.swift; sourceTree = "<group>"; };
		1B9F64E2281445220020DA1C /* ShopListTableViewCell.swift */ = {isa = PBXFileReference; lastKnownFileType = sourcecode.swift; path = ShopListTableViewCell.swift; sourceTree = "<group>"; };
		1B9F64E4281448390020DA1C /* OrderListTableViewCell.swift */ = {isa = PBXFileReference; lastKnownFileType = sourcecode.swift; path = OrderListTableViewCell.swift; sourceTree = "<group>"; };
		1BA46494281A6EB900A02FE3 /* MapViewController.swift */ = {isa = PBXFileReference; lastKnownFileType = sourcecode.swift; path = MapViewController.swift; sourceTree = "<group>"; };
		1BC3EE0C2816B082000F2267 /* MahjongTableNode.swift */ = {isa = PBXFileReference; fileEncoding = 4; lastKnownFileType = sourcecode.swift; path = MahjongTableNode.swift; sourceTree = "<group>"; };
		1BC3EE262816E42D000F2267 /* EmailViewController.swift */ = {isa = PBXFileReference; lastKnownFileType = sourcecode.swift; path = EmailViewController.swift; sourceTree = "<group>"; };
		1BC3EE502817AD6F000F2267 /* mahjongTable.scn */ = {isa = PBXFileReference; lastKnownFileType = file.bplist; path = mahjongTable.scn; sourceTree = "<group>"; };
		1BC3EE562817E499000F2267 /* EmptyDataView.swift */ = {isa = PBXFileReference; lastKnownFileType = sourcecode.swift; path = EmptyDataView.swift; sourceTree = "<group>"; };
/* End PBXFileReference section */

/* Begin PBXFrameworksBuildPhase section */
		1B9F64BF281439570020DA1C /* Frameworks */ = {
			isa = PBXFrameworksBuildPhase;
			buildActionMask = 2147483647;
			files = (
			);
			runOnlyForDeploymentPostprocessing = 0;
		};
/* End PBXFrameworksBuildPhase section */

/* Begin PBXGroup section */
		1B649E44281533AF000F5CEE /* Resource */ = {
			isa = PBXGroup;
			children = (
				1BC3EE502817AD6F000F2267 /* mahjongTable.scn */,
			);
			path = Resource;
			sourceTree = "<group>";
		};
		1B649E4B281534EF000F5CEE /* Tools */ = {
			isa = PBXGroup;
			children = (
				1B649E5028153B7C000F5CEE /* HubView.swift */,
				1B649E4C28153500000F5CEE /* Tools.swift */,
				1BC3EE562817E499000F2267 /* EmptyDataView.swift */,
			);
			path = Tools;
			sourceTree = "<group>";
		};
		1B9F64B9281439570020DA1C = {
			isa = PBXGroup;
			children = (
				1B9F64C4281439570020DA1C /* MahjongStore */,
				1B9F64C3281439570020DA1C /* Products */,
			);
			sourceTree = "<group>";
		};
		1B9F64C3281439570020DA1C /* Products */ = {
			isa = PBXGroup;
			children = (
				1B9F64C2281439570020DA1C /* MahjongStore.app */,
			);
			name = Products;
			sourceTree = "<group>";
		};
		1B9F64C4281439570020DA1C /* MahjongStore */ = {
			isa = PBXGroup;
			children = (
				1B649E4B281534EF000F5CEE /* Tools */,
				1B649E44281533AF000F5CEE /* Resource */,
				1B9F64DF28143FF00020DA1C /* Views */,
				1B9F64C5281439570020DA1C /* AppDelegate.swift */,
				1B649E4228150BA1000F5CEE /* NetworkTool.swift */,
				1B9F64D928143ECB0020DA1C /* ShopViewController.swift */,
				1BA46494281A6EB900A02FE3 /* MapViewController.swift */,
				1B9F64DB28143EE20020DA1C /* OrderViewController.swift */,
				1BC3EE262816E42D000F2267 /* EmailViewController.swift */,
				1B9F64DD28143EF10020DA1C /* ARViewController.swift */,
				1BC3EE0C2816B082000F2267 /* MahjongTableNode.swift */,
				1B9F64CB281439570020DA1C /* Main.storyboard */,
				1B9F64CE281439590020DA1C /* Assets.xcassets */,
				1B9F64D02814395A0020DA1C /* LaunchScreen.storyboard */,
				1B9F64D32814395A0020DA1C /* Info.plist */,
			);
			path = MahjongStore;
			sourceTree = "<group>";
		};
		1B9F64DF28143FF00020DA1C /* Views */ = {
			isa = PBXGroup;
			children = (
				1B9F64E2281445220020DA1C /* ShopListTableViewCell.swift */,
				1B9F64E4281448390020DA1C /* OrderListTableViewCell.swift */,
			);
			path = Views;
			sourceTree = "<group>";
		};
/* End PBXGroup section */

/* Begin PBXNativeTarget section */
		1B9F64C1281439570020DA1C /* MahjongStore */ = {
			isa = PBXNativeTarget;
			buildConfigurationList = 1B9F64D62814395A0020DA1C /* Build configuration list for PBXNativeTarget "MahjongStore" */;
			buildPhases = (
				1B9F64BE281439570020DA1C /* Sources */,
				1B9F64BF281439570020DA1C /* Frameworks */,
				1B9F64C0281439570020DA1C /* Resources */,
			);
			buildRules = (
			);
			dependencies = (
			);
			name = MahjongStore;
			productName = MahjongStore;
			productReference = 1B9F64C2281439570020DA1C /* MahjongStore.app */;
			productType = "com.apple.product-type.application";
		};
/* End PBXNativeTarget section */

/* Begin PBXProject section */
		1B9F64BA281439570020DA1C /* Project object */ = {
			isa = PBXProject;
			attributes = {
				BuildIndependentTargetsInParallel = 1;
				LastSwiftUpdateCheck = 1330;
				LastUpgradeCheck = 1330;
				TargetAttributes = {
					1B9F64C1281439570020DA1C = {
						CreatedOnToolsVersion = 13.3;
					};
				};
			};
			buildConfigurationList = 1B9F64BD281439570020DA1C /* Build configuration list for PBXProject "MahjongStore" */;
			compatibilityVersion = "Xcode 13.0";
			developmentRegion = en;
			hasScannedForEncodings = 0;
			knownRegions = (
				en,
				Base,
			);
			mainGroup = 1B9F64B9281439570020DA1C;
			productRefGroup = 1B9F64C3281439570020DA1C /* Products */;
			projectDirPath = "";
			projectRoot = "";
			targets = (
				1B9F64C1281439570020DA1C /* MahjongStore */,
			);
		};
/* End PBXProject section */

/* Begin PBXResourcesBuildPhase section */
		1B9F64C0281439570020DA1C /* Resources */ = {
			isa = PBXResourcesBuildPhase;
			buildActionMask = 2147483647;
			files = (
				1B9F64D22814395A0020DA1C /* LaunchScreen.storyboard in Resources */,
				1B9F64CF281439590020DA1C /* Assets.xcassets in Resources */,
				1B9F64CD281439570020DA1C /* Main.storyboard in Resources */,
				1BC3EE512817AD6F000F2267 /* mahjongTable.scn in Resources */,
			);
			runOnlyForDeploymentPostprocessing = 0;
		};
/* End PBXResourcesBuildPhase section */

/* Begin PBXSourcesBuildPhase section */
		1B9F64BE281439570020DA1C /* Sources */ = {
			isa = PBXSourcesBuildPhase;
			buildActionMask = 2147483647;
			files = (
				1B649E4328150BA1000F5CEE /* NetworkTool.swift in Sources */,
				1B9F64E5281448390020DA1C /* OrderListTableViewCell.swift in Sources */,
				1BC3EE572817E499000F2267 /* EmptyDataView.swift in Sources */,
				1B649E5128153B7C000F5CEE /* HubView.swift in Sources */,
				1B649E4D28153500000F5CEE /* Tools.swift in Sources */,
				1B9F64E3281445220020DA1C /* ShopListTableViewCell.swift in Sources */,
				1BA46495281A6EB900A02FE3 /* MapViewController.swift in Sources */,
				1B9F64C6281439570020DA1C /* AppDelegate.swift in Sources */,
				1BC3EE272816E42D000F2267 /* EmailViewController.swift in Sources */,
				1B9F64DA28143ECB0020DA1C /* ShopViewController.swift in Sources */,
				1B9F64DC28143EE20020DA1C /* OrderViewController.swift in Sources */,
				1B9F64DE28143EF10020DA1C /* ARViewController.swift in Sources */,
				1BC3EE0D2816B082000F2267 /* MahjongTableNode.swift in Sources */,
			);
			runOnlyForDeploymentPostprocessing = 0;
		};
/* End PBXSourcesBuildPhase section */

/* Begin PBXVariantGroup section */
		1B9F64CB281439570020DA1C /* Main.storyboard */ = {
			isa = PBXVariantGroup;
			children = (
				1B9F64CC281439570020DA1C /* Base */,
			);
			name = Main.storyboard;
			sourceTree = "<group>";
		};
		1B9F64D02814395A0020DA1C /* LaunchScreen.storyboard */ = {
			isa = PBXVariantGroup;
			children = (
				1B9F64D12814395A0020DA1C /* Base */,
			);
			name = LaunchScreen.storyboard;
			sourceTree = "<group>";
		};
/* End PBXVariantGroup section */

/* Begin XCBuildConfiguration section */
		1B9F64D42814395A0020DA1C /* Debug */ = {
			isa = XCBuildConfiguration;
			buildSettings = {
				ALWAYS_SEARCH_USER_PATHS = NO;
				CLANG_ANALYZER_NONNULL = YES;
				CLANG_ANALYZER_NUMBER_OBJECT_CONVERSION = YES_AGGRESSIVE;
				CLANG_CXX_LANGUAGE_STANDARD = "gnu++17";
				CLANG_ENABLE_MODULES = YES;
				CLANG_ENABLE_OBJC_ARC = YES;
				CLANG_ENABLE_OBJC_WEAK = YES;
				CLANG_WARN_BLOCK_CAPTURE_AUTORELEASING = YES;
				CLANG_WARN_BOOL_CONVERSION = YES;
				CLANG_WARN_COMMA = YES;
				CLANG_WARN_CONSTANT_CONVERSION = YES;
				CLANG_WARN_DEPRECATED_OBJC_IMPLEMENTATIONS = YES;
				CLANG_WARN_DIRECT_OBJC_ISA_USAGE = YES_ERROR;
				CLANG_WARN_DOCUMENTATION_COMMENTS = YES;
				CLANG_WARN_EMPTY_BODY = YES;
				CLANG_WARN_ENUM_CONVERSION = YES;
				CLANG_WARN_INFINITE_RECURSION = YES;
				CLANG_WARN_INT_CONVERSION = YES;
				CLANG_WARN_NON_LITERAL_NULL_CONVERSION = YES;
				CLANG_WARN_OBJC_IMPLICIT_RETAIN_SELF = YES;
				CLANG_WARN_OBJC_LITERAL_CONVERSION = YES;
				CLANG_WARN_OBJC_ROOT_CLASS = YES_ERROR;
				CLANG_WARN_QUOTED_INCLUDE_IN_FRAMEWORK_HEADER = YES;
				CLANG_WARN_RANGE_LOOP_ANALYSIS = YES;
				CLANG_WARN_STRICT_PROTOTYPES = YES;
				CLANG_WARN_SUSPICIOUS_MOVE = YES;
				CLANG_WARN_UNGUARDED_AVAILABILITY = YES_AGGRESSIVE;
				CLANG_WARN_UNREACHABLE_CODE = YES;
				CLANG_WARN__DUPLICATE_METHOD_MATCH = YES;
				COPY_PHASE_STRIP = NO;
				DEBUG_INFORMATION_FORMAT = dwarf;
				ENABLE_STRICT_OBJC_MSGSEND = YES;
				ENABLE_TESTABILITY = YES;
				GCC_C_LANGUAGE_STANDARD = gnu11;
				GCC_DYNAMIC_NO_PIC = NO;
				GCC_NO_COMMON_BLOCKS = YES;
				GCC_OPTIMIZATION_LEVEL = 0;
				GCC_PREPROCESSOR_DEFINITIONS = (
					"DEBUG=1",
					"$(inherited)",
				);
				GCC_WARN_64_TO_32_BIT_CONVERSION = YES;
				GCC_WARN_ABOUT_RETURN_TYPE = YES_ERROR;
				GCC_WARN_UNDECLARED_SELECTOR = YES;
				GCC_WARN_UNINITIALIZED_AUTOS = YES_AGGRESSIVE;
				GCC_WARN_UNUSED_FUNCTION = YES;
				GCC_WARN_UNUSED_VARIABLE = YES;
				IPHONEOS_DEPLOYMENT_TARGET = 15.4;
				MTL_ENABLE_DEBUG_INFO = INCLUDE_SOURCE;
				MTL_FAST_MATH = YES;
				ONLY_ACTIVE_ARCH = YES;
				SDKROOT = iphoneos;
				SWIFT_ACTIVE_COMPILATION_CONDITIONS = DEBUG;
				SWIFT_OPTIMIZATION_LEVEL = "-Onone";
			};
			name = Debug;
		};
		1B9F64D52814395A0020DA1C /* Release */ = {
			isa = XCBuildConfiguration;
			buildSettings = {
				ALWAYS_SEARCH_USER_PATHS = NO;
				CLANG_ANALYZER_NONNULL = YES;
				CLANG_ANALYZER_NUMBER_OBJECT_CONVERSION = YES_AGGRESSIVE;
				CLANG_CXX_LANGUAGE_STANDARD = "gnu++17";
				CLANG_ENABLE_MODULES = YES;
				CLANG_ENABLE_OBJC_ARC = YES;
				CLANG_ENABLE_OBJC_WEAK = YES;
				CLANG_WARN_BLOCK_CAPTURE_AUTORELEASING = YES;
				CLANG_WARN_BOOL_CONVERSION = YES;
				CLANG_WARN_COMMA = YES;
				CLANG_WARN_CONSTANT_CONVERSION = YES;
				CLANG_WARN_DEPRECATED_OBJC_IMPLEMENTATIONS = YES;
				CLANG_WARN_DIRECT_OBJC_ISA_USAGE = YES_ERROR;
				CLANG_WARN_DOCUMENTATION_COMMENTS = YES;
				CLANG_WARN_EMPTY_BODY = YES;
				CLANG_WARN_ENUM_CONVERSION = YES;
				CLANG_WARN_INFINITE_RECURSION = YES;
				CLANG_WARN_INT_CONVERSION = YES;
				CLANG_WARN_NON_LITERAL_NULL_CONVERSION = YES;
				CLANG_WARN_OBJC_IMPLICIT_RETAIN_SELF = YES;
				CLANG_WARN_OBJC_LITERAL_CONVERSION = YES;
				CLANG_WARN_OBJC_ROOT_CLASS = YES_ERROR;
				CLANG_WARN_QUOTED_INCLUDE_IN_FRAMEWORK_HEADER = YES;
				CLANG_WARN_RANGE_LOOP_ANALYSIS = YES;
				CLANG_WARN_STRICT_PROTOTYPES = YES;
				CLANG_WARN_SUSPICIOUS_MOVE = YES;
				CLANG_WARN_UNGUARDED_AVAILABILITY = YES_AGGRESSIVE;
				CLANG_WARN_UNREACHABLE_CODE = YES;
				CLANG_WARN__DUPLICATE_METHOD_MATCH = YES;
				COPY_PHASE_STRIP = NO;
				DEBUG_INFORMATION_FORMAT = "dwarf-with-dsym";
				ENABLE_NS_ASSERTIONS = NO;
				ENABLE_STRICT_OBJC_MSGSEND = YES;
				GCC_C_LANGUAGE_STANDARD = gnu11;
				GCC_NO_COMMON_BLOCKS = YES;
				GCC_WARN_64_TO_32_BIT_CONVERSION = YES;
				GCC_WARN_ABOUT_RETURN_TYPE = YES_ERROR;
				GCC_WARN_UNDECLARED_SELECTOR = YES;
				GCC_WARN_UNINITIALIZED_AUTOS = YES_AGGRESSIVE;
				GCC_WARN_UNUSED_FUNCTION = YES;
				GCC_WARN_UNUSED_VARIABLE = YES;
				IPHONEOS_DEPLOYMENT_TARGET = 15.4;
				MTL_ENABLE_DEBUG_INFO = NO;
				MTL_FAST_MATH = YES;
				SDKROOT = iphoneos;
				SWIFT_COMPILATION_MODE = wholemodule;
				SWIFT_OPTIMIZATION_LEVEL = "-O";
				VALIDATE_PRODUCT = YES;
			};
			name = Release;
		};
		1B9F64D72814395A0020DA1C /* Debug */ = {
			isa = XCBuildConfiguration;
			buildSettings = {
				ASSETCATALOG_COMPILER_APPICON_NAME = AppIcon;
				ASSETCATALOG_COMPILER_GLOBAL_ACCENT_COLOR_NAME = AccentColor;
				CODE_SIGN_STYLE = Automatic;
				CURRENT_PROJECT_VERSION = 1;
				DEVELOPMENT_TEAM = TVLT8C83V7;
				GENERATE_INFOPLIST_FILE = YES;
				INFOPLIST_FILE = MahjongStore/Info.plist;
				INFOPLIST_KEY_NSCameraUsageDescription = "This application will use the camera for Augmented Reality.";
				INFOPLIST_KEY_NSFaceIDUsageDescription = "We Used Face ID To Unlock";
				INFOPLIST_KEY_UIApplicationSupportsIndirectInputEvents = YES;
				INFOPLIST_KEY_UILaunchStoryboardName = LaunchScreen;
				INFOPLIST_KEY_UIMainStoryboardFile = Main;
				INFOPLIST_KEY_UISupportedInterfaceOrientations_iPad = "UIInterfaceOrientationPortrait UIInterfaceOrientationPortraitUpsideDown UIInterfaceOrientationLandscapeLeft UIInterfaceOrientationLandscapeRight";
				INFOPLIST_KEY_UISupportedInterfaceOrientations_iPhone = "UIInterfaceOrientationPortrait UIInterfaceOrientationLandscapeLeft UIInterfaceOrientationLandscapeRight";
				IPHONEOS_DEPLOYMENT_TARGET = 13.0;
				LD_RUNPATH_SEARCH_PATHS = (
					"$(inherited)",
					"@executable_path/Frameworks",
				);
				MARKETING_VERSION = 1.0;
				PRODUCT_BUNDLE_IDENTIFIER = adamlocw;
				PRODUCT_NAME = "$(TARGET_NAME)";
				SWIFT_EMIT_LOC_STRINGS = YES;
				SWIFT_VERSION = 5.0;
				TARGETED_DEVICE_FAMILY = "1,2";
			};
			name = Debug;
		};
		1B9F64D82814395A0020DA1C /* Release */ = {
			isa = XCBuildConfiguration;
			buildSettings = {
				ASSETCATALOG_COMPILER_APPICON_NAME = AppIcon;
				ASSETCATALOG_COMPILER_GLOBAL_ACCENT_COLOR_NAME = AccentColor;
				CODE_SIGN_STYLE = Automatic;
				CURRENT_PROJECT_VERSION = 1;
				DEVELOPMENT_TEAM = TVLT8C83V7;
				GENERATE_INFOPLIST_FILE = YES;
				INFOPLIST_FILE = MahjongStore/Info.plist;
				INFOPLIST_KEY_NSCameraUsageDescription = "This application will use the camera for Augmented Reality.";
				INFOPLIST_KEY_NSFaceIDUsageDescription = "We Used Face ID To Unlock";
				INFOPLIST_KEY_UIApplicationSupportsIndirectInputEvents = YES;
				INFOPLIST_KEY_UILaunchStoryboardName = LaunchScreen;
				INFOPLIST_KEY_UIMainStoryboardFile = Main;
				INFOPLIST_KEY_UISupportedInterfaceOrientations_iPad = "UIInterfaceOrientationPortrait UIInterfaceOrientationPortraitUpsideDown UIInterfaceOrientationLandscapeLeft UIInterfaceOrientationLandscapeRight";
				INFOPLIST_KEY_UISupportedInterfaceOrientations_iPhone = "UIInterfaceOrientationPortrait UIInterfaceOrientationLandscapeLeft UIInterfaceOrientationLandscapeRight";
				IPHONEOS_DEPLOYMENT_TARGET = 13.0;
				LD_RUNPATH_SEARCH_PATHS = (
					"$(inherited)",
					"@executable_path/Frameworks",
				);
				MARKETING_VERSION = 1.0;
				PRODUCT_BUNDLE_IDENTIFIER = adamlocw;
				PRODUCT_NAME = "$(TARGET_NAME)";
				SWIFT_EMIT_LOC_STRINGS = YES;
				SWIFT_VERSION = 5.0;
				TARGETED_DEVICE_FAMILY = "1,2";
			};
			name = Release;
		};
/* End XCBuildConfiguration section */

/* Begin XCConfigurationList section */
		1B9F64BD281439570020DA1C /* Build configuration list for PBXProject "MahjongStore" */ = {
			isa = XCConfigurationList;
			buildConfigurations = (
				1B9F64D42814395A0020DA1C /* Debug */,
				1B9F64D52814395A0020DA1C /* Release */,
			);
			defaultConfigurationIsVisible = 0;
			defaultConfigurationName = Release;
		};
		1B9F64D62814395A0020DA1C /* Build configuration list for PBXNativeTarget "MahjongStore" */ = {
			isa = XCConfigurationList;
			buildConfigurations = (
				1B9F64D72814395A0020DA1C /* Debug */,
				1B9F64D82814395A0020DA1C /* Release */,
			);
			defaultConfigurationIsVisible = 0;
			defaultConfigurationName = Release;
		};
/* End XCConfigurationList section */
	};
	rootObject = 1B9F64BA281439570020DA1C /* Project object */;
}
